
Microsoft Visual Studio Solution File, Format Version 12.00
# Visual Studio Version 16
VisualStudioVersion = 16.0.31019.35
MinimumVisualStudioVersion = 10.0.40219.1
Project("{FAE04EC0-301F-11D3-BF4B-00C04F79EFBC}") = "RazorPagesMovie", "RazorPagesMovie\RazorPagesMovie.csproj", "{82114F2B-815C-471C-9E87-E4AA72E0688A}"
EndProject
Global
	GlobalSection(SolutionConfigurationPlatforms) = preSolution
		Debug|Any CPU = Debug|Any CPU
		Release|Any CPU = Release|Any CPU
	EndGlobalSection
	GlobalSection(ProjectConfigurationPlatforms) = postSolution
		{82114F2B-815C-471C-9E87-E4AA72E0688A}.Debug|Any CPU.ActiveCfg = Debug|Any CPU
		{82114F2B-815C-471C-9E87-E4AA72E0688A}.Debug|Any CPU.Build.0 = Debug|Any CPU
		{82114F2B-815C-471C-9E87-E4AA72E0688A}.Release|Any CPU.ActiveCfg = Release|Any CPU
		{82114F2B-815C-471C-9E87-E4AA72E0688A}.Release|Any CPU.Build.0 = Release|Any CPU
	EndGlobalSection
	GlobalSection(SolutionProperties) = preSolution
		HideSolutionNode = FALSE
	EndGlobalSection
	GlobalSection(ExtensibilityGlobals) = postSolution
		SolutionGuid = {F4DE90D4-3439-49F8-9947-D535D1DD3DB0}
	EndGlobalSection
EndGlobal
